
Microsoft Visual Studio Solution File, Format Version 12.00
# Visual Studio Version 16
VisualStudioVersion = 16.0.30517.126
MinimumVisualStudioVersion = 10.0.40219.1
Project("{FAE04EC0-301F-11D3-BF4B-00C04F79EFBC}") = "KittenKatKookie", "KittenKatKookie\KittenKatKookie.csproj", "{51F95957-FAAB-4732-97A1-1830B22425D1}"
EndProject
Global
	GlobalSection(SolutionConfigurationPlatforms) = preSolution
		Debug|Any CPU = Debug|Any CPU
		Release|Any CPU = Release|Any CPU
	EndGlobalSection
	GlobalSection(ProjectConfigurationPlatforms) = postSolution
		{51F95957-FAAB-4732-97A1-1830B22425D1}.Debug|Any CPU.ActiveCfg = Debug|Any CPU
		{51F95957-FAAB-4732-97A1-1830B22425D1}.Debug|Any CPU.Build.0 = Debug|Any CPU
		{51F95957-FAAB-4732-97A1-1830B22425D1}.Release|Any CPU.ActiveCfg = Release|Any CPU
		{51F95957-FAAB-4732-97A1-1830B22425D1}.Release|Any CPU.Build.0 = Release|Any CPU
	EndGlobalSection
	GlobalSection(SolutionProperties) = preSolution
		HideSolutionNode = FALSE
	EndGlobalSection
	GlobalSection(ExtensibilityGlobals) = postSolution
		SolutionGuid = {797B74D7-BEE3-4C06-92F3-1D1BA11DE597}
	EndGlobalSection
EndGlobal
